# This file is autogenerated, do not edit; changes may be undone by the next 'dep ensure'.


[[projects]]
  digest = "1:3699590eb16f0bd9ef981dd9703a2dd863f2d594c989c1feac222814fe4125c5"
  name = "github.com/PuerkitoBio/goquery"
  packages = ["."]
  pruneopts = "UT"
  revision = "8311f594d701949445e752a2c4794db4d4a7e204"

[[projects]]
  digest = "1:66b3310cf22cdc96c35ef84ede4f7b9b370971c4025f394c89a2638729653b11"
  name = "github.com/andybalholm/cascadia"
  packages = ["."]
  pruneopts = "UT"
  revision = "901648c87902174f774fac311d7f176f8647bdaa"
  version = "v1.0.0"

[[projects]]
  branch = "master"
  digest = "1:eb12190122cfc6f9c129d70ae862143d5a2c4d4e0776ab6546bd44fb7d7136a3"
  name = "github.com/domainr/whois"
  packages = ["."]
  pruneopts = "UT"
  revision = "975c7833b02e9b09b05f41cb5650339b4e913467"

[[projects]]
  digest = "1:98850af67dabaaf686237bb7da5111e978a52133466572cdd5c6a1f7e5dcab84"
  name = "github.com/golang/protobuf"
  packages = [
    "proto",
    "ptypes/duration",
  ]
  pruneopts = "UT"
  revision = "b5d812f8a3706043e23a9cd5babf2e5423744d30"
  version = "v1.3.1"

[[projects]]
  branch = "master"
  digest = "1:f71f24fd5f3a48b086a90eee1e030177193b2dfc3520c16bdb7448434b8b6829"
  name = "github.com/google/safebrowsing"
  packages = [
    ".",
    "internal/safebrowsing_proto",
  ]
  pruneopts = "UT"
  revision = "92a16cf6d02871018d6a426fb7886e34022c5c59"

[[projects]]
  digest = "1:d15ee511aa0f56baacc1eb4c6b922fa1c03b38413b6be18166b996d82a0156ea"
  name = "github.com/hashicorp/golang-lru"
  packages = [
    ".",
    "simplelru",
  ]
  pruneopts = "UT"
  revision = "7087cb70de9f7a8bc0a10c375cb0d2280a8edf9c"
  version = "v0.5.1"

[[projects]]
  digest = "1:870d441fe217b8e689d7949fef6e43efbc787e50f200cb1e70dbca9204a1d6be"
  name = "github.com/inconshreveable/mousetrap"
  packages = ["."]
  pruneopts = "UT"
  revision = "76626ae9c91c4f2a10f34cad8ce83ea42c93bb75"
  version = "v1.0"

[[projects]]
  digest = "1:31e761d97c76151dde79e9d28964a812c46efc5baee4085b86f68f0c654450de"
  name = "github.com/konsorten/go-windows-terminal-sequences"
  packages = ["."]
  pruneopts = "UT"
  revision = "f55edac94c9bbba5d6182a4be46d86a2c9b5b50e"
  version = "v1.0.2"

[[projects]]
  digest = "1:a9b12541a1149da4733f4d0d5c04593fcff79bca78d3664c6cf268754fdac593"
  name = "github.com/likexian/whois-parser-go"
  packages = ["."]
  pruneopts = "UT"
  revision = "720b2d82ffd11afd55141650c70c4714f600c04b"
  version = "1.0.0"

[[projects]]
  digest = "1:4c195ae33dbe8df4eb3485f3357788f47b614547abcd048cbcc59d9025db6b8d"
  name = "github.com/miekg/dns"
  packages = ["."]
  pruneopts = "UT"
  revision = "cc8cd02140663157ce797c6650488d6c8563f31f"
  version = "v1.1.6"

[[projects]]
  digest = "1:2edc2eb4a27cd78aad8148957332b1867f72d87ecdd7ba3695d76babaaa6fd92"
  name = "github.com/moldabekov/virusgotal"
  packages = ["vt"]
  pruneopts = "UT"
  revision = "c31ced88052f8572090b82390a3b926810036a29"
  version = "1.0.2"

[[projects]]
  branch = "master"
  digest = "1:374ce4704830a7b9729d8798bcb4ac796f9c7bbb6903950ec55b71332caffe31"
  name = "github.com/saintfish/chardet"
  packages = ["."]
  pruneopts = "UT"
  revision = "3af4cd4741ca4f3eb0c407c034571a6fb0ea529c"

[[projects]]
  digest = "1:e4c72127d910a96daf869a44f3dd563b86dbe6931a172863a0e99c5ff04b59e4"
  name = "github.com/sirupsen/logrus"
  packages = ["."]
  pruneopts = "UT"
  revision = "dae0fa8d5b0c810a8ab733fbd5510c7cae84eca4"
  version = "v1.4.0"

[[projects]]
  digest = "1:645cabccbb4fa8aab25a956cbcbdf6a6845ca736b2c64e197ca7cbb9d210b939"
  name = "github.com/spf13/cobra"
  packages = ["."]
  pruneopts = "UT"
  revision = "ef82de70bb3f60c65fb8eebacbb2d122ef517385"
  version = "v0.0.3"

[[projects]]
  digest = "1:c1b1102241e7f645bc8e0c22ae352e8f0dc6484b6cb4d132fa9f24174e0119e2"
  name = "github.com/spf13/pflag"
  packages = ["."]
  pruneopts = "UT"
  revision = "298182f68c66c05229eb03ac171abe6e309ee79a"
  version = "v1.0.3"

[[projects]]
  branch = "master"
  digest = "1:3ef9cefba869cdfd7acddcddfade8da5d09c668418421da1d27d153e8ad076da"
  name = "github.com/zonedb/zonedb"
  packages = ["."]
  pruneopts = "UT"
  revision = "2b055bee22d14c29e2b5f40f59bd1b0328e78e4f"

[[projects]]
  branch = "master"
  digest = "1:ddede48a19d7eb93f4ec120df1ff69165277c664d31554e256a5dbca742faa8d"
  name = "golang.org/x/crypto"
  packages = [
    "ed25519",
    "ed25519/internal/edwards25519",
    "ssh/terminal",
  ]
  pruneopts = "UT"
  revision = "a5d413f7728c81fb97d96a2b722368945f651e78"

[[projects]]
  branch = "master"
  digest = "1:47bab820caed7f76ee770157182454853f8282291fb6d1027efe67748bd6527f"
  name = "golang.org/x/net"
  packages = [
    "bpf",
    "html",
    "html/atom",
    "html/charset",
    "idna",
    "internal/iana",
    "internal/socket",
    "ipv4",
    "ipv6",
    "publicsuffix",
  ]
  pruneopts = "UT"
  revision = "74de082e2cca95839e88aa0aeee5aadf6ce7710f"

[[projects]]
  branch = "master"
  digest = "1:f6321364014431568a59b49b449d6ae60c017f3afa3f4ab787a5636853b16b1e"
  name = "golang.org/x/sys"
  packages = [
    "unix",
    "windows",
  ]
  pruneopts = "UT"
  revision = "9eb1bfa1ce65ae8a6ff3114b0aaf9a41a6cf3560"

[[projects]]
  digest = "1:436b24586f8fee329e0dd65fd67c817681420cda1d7f934345c13fe78c212a73"
  name = "golang.org/x/text"
  packages = [
    "collate",
    "collate/build",
    "encoding",
    "encoding/charmap",
    "encoding/htmlindex",
    "encoding/internal",
    "encoding/internal/identifier",
    "encoding/japanese",
    "encoding/korean",
    "encoding/simplifiedchinese",
    "encoding/traditionalchinese",
    "encoding/unicode",
    "internal/colltab",
    "internal/gen",
    "internal/tag",
    "internal/triegen",
    "internal/ucd",
    "internal/utf8internal",
    "language",
    "runes",
    "secure/bidirule",
    "transform",
    "unicode/bidi",
    "unicode/cldr",
    "unicode/norm",
    "unicode/rangetable",
  ]
  pruneopts = "UT"
  revision = "f21a4dfb5e38f5895301dc265a8def02365cc3d0"
  version = "v0.3.0"

[solve-meta]
  analyzer-name = "dep"
  analyzer-version = 1
  input-imports = [
    "github.com/PuerkitoBio/goquery",
    "github.com/domainr/whois",
    "github.com/google/safebrowsing",
    "github.com/hashicorp/golang-lru",
    "github.com/likexian/whois-parser-go",
    "github.com/miekg/dns",
    "github.com/moldabekov/virusgotal/vt",
    "github.com/sirupsen/logrus",
    "github.com/spf13/cobra",
    "golang.org/x/net/publicsuffix",
  ]
  solver-name = "gps-cdcl"
  solver-version = 1
